
Microsoft Visual Studio Solution File, Format Version 12.00
# Visual Studio 14
VisualStudioVersion = 14.0.25123.0
MinimumVisualStudioVersion = 10.0.40219.1
Project("{FAE04EC0-301F-11D3-BF4B-00C04F79EFBC}") = "LicenseKeyTest", "LicenseKeyTest\LicenseKeyTest.csproj", "{409BEFD3-F98A-4AC0-8075-AD65E74EB5EC}"
EndProject
Project("{FAE04EC0-301F-11D3-BF4B-00C04F79EFBC}") = "LicenseLib", "LicenseLib\LicenseLib.csproj", "{703D842E-5EB3-4F9E-AD56-757443C266CA}"
EndProject
Global
	GlobalSection(SolutionConfigurationPlatforms) = preSolution
		Debug|Any CPU = Debug|Any CPU
		Release|Any CPU = Release|Any CPU
	EndGlobalSection
	GlobalSection(ProjectConfigurationPlatforms) = postSolution
		{409BEFD3-F98A-4AC0-8075-AD65E74EB5EC}.Debug|Any CPU.ActiveCfg = Debug|Any CPU
		{409BEFD3-F98A-4AC0-8075-AD65E74EB5EC}.Debug|Any CPU.Build.0 = Debug|Any CPU
		{409BEFD3-F98A-4AC0-8075-AD65E74EB5EC}.Release|Any CPU.ActiveCfg = Release|Any CPU
		{409BEFD3-F98A-4AC0-8075-AD65E74EB5EC}.Release|Any CPU.Build.0 = Release|Any CPU
		{703D842E-5EB3-4F9E-AD56-757443C266CA}.Debug|Any CPU.ActiveCfg = Debug|Any CPU
		{703D842E-5EB3-4F9E-AD56-757443C266CA}.Debug|Any CPU.Build.0 = Debug|Any CPU
		{703D842E-5EB3-4F9E-AD56-757443C266CA}.Release|Any CPU.ActiveCfg = Release|Any CPU
		{703D842E-5EB3-4F9E-AD56-757443C266CA}.Release|Any CPU.Build.0 = Release|Any CPU
	EndGlobalSection
	GlobalSection(SolutionProperties) = preSolution
		HideSolutionNode = FALSE
	EndGlobalSection
EndGlobal
